// !$*UTF8*$!
{
	archiveVersion = 1;
	classes = {
	};
	objectVersion = 39;
	objects = {
		080E96DDFE201D6D7F000001 = {
			children = (
				6247766305B5C9CB006E78AA,
				6247766405B5C9CB006E78AA,
				6277142B05516CFB00555DE5,
				6277142C05516CFB00555DE5,
				6277142D05516CFB00555DE5,
				6277142E05516CFB00555DE5,
				6277142F05516CFB00555DE5,
				6277143005516CFB00555DE5,
				6277143105516CFB00555DE5,
				6277143205516CFB00555DE5,
				6277143305516CFB00555DE5,
				6277143405516CFB00555DE5,
				6277144D05516D1D00555DE5,
				6277145C05516D3400555DE5,
				62411B5705B85A8100DD75C5,
				62411B5805B85A8100DD75C5,
			);
			isa = PBXGroup;
			name = Classes;
			refType = 4;
			sourceTree = "<group>";
		};
//080
//081
//082
//083
//084
//100
//101
//102
//103
//104
		1058C7A0FEA54F0111CA2CBB = {
			children = (
				1058C7A1FEA54F0111CA2CBB,
				627B36DE0551865C0028BB7A,
			);
			isa = PBXGroup;
			name = "Linked Frameworks";
			refType = 4;
			sourceTree = "<group>";
		};
		1058C7A1FEA54F0111CA2CBB = {
			isa = PBXFileReference;
			lastKnownFileType = wrapper.framework;
			name = Cocoa.framework;
			path = /System/Library/Frameworks/Cocoa.framework;
			refType = 0;
			sourceTree = "<absolute>";
		};
		1058C7A2FEA54F0111CA2CBB = {
			children = (
				29B97325FDCFA39411CA2CEA,
				29B97324FDCFA39411CA2CEA,
			);
			isa = PBXGroup;
			name = "Other Frameworks";
			refType = 4;
			sourceTree = "<group>";
		};
//100
//101
//102
//103
//104
//190
//191
//192
//193
//194
		19C28FACFE9D520D11CA2CBB = {
			children = (
				8D1107320486CEB800E47090,
				62410F6A0551912C003FB0FC,
				629DFBCD055AD7CC00F6DBDC,
				62E40E8E05C637EB001DEA7B,
			);
			isa = PBXGroup;
			name = Products;
			refType = 4;
			sourceTree = "<group>";
		};
//190
//191
//192
//193
//194
//290
//291
//292
//293
//294
		29B97313FDCFA39411CA2CEA = {
			buildSettings = {
			};
			buildStyles = (
				4A9504CCFFE6A4B311CA0CBA,
				4A9504CDFFE6A4B311CA0CBA,
			);
			hasScannedForEncodings = 1;
			isa = PBXProject;
			knownRegions = (
				English,
				Japanese,
				French,
				German,
				da,
				de,
				en,
				es,
				fr,
				it,
				nl,
				no,
				pl,
				pt_BR,
				ru,
				sv,
				uk,
			);
			mainGroup = 29B97314FDCFA39411CA2CEA;
			projectDirPath = "";
			targets = (
				8D1107260486CEB800E47090,
				6277142705516C9C00555DE5,
				629DFBCC055AD7CC00F6DBDC,
				62E40E8D05C637EB001DEA7B,
			);
		};
		29B97314FDCFA39411CA2CEA = {
			children = (
				080E96DDFE201D6D7F000001,
				29B97315FDCFA39411CA2CEA,
				29B97317FDCFA39411CA2CEA,
				29B97323FDCFA39411CA2CEA,
				19C28FACFE9D520D11CA2CBB,
				62E40E9205C6383B001DEA7B,
			);
			isa = PBXGroup;
			name = cocoAspell;
			path = "";
			refType = 4;
			sourceTree = "<group>";
		};
		29B97315FDCFA39411CA2CEA = {
			children = (
				32CA4F630368D1EE00C91783,
				627B36BF055181E80028BB7A,
				6277141C05516C6A00555DE5,
				6277141D05516C6A00555DE5,
			);
			isa = PBXGroup;
			name = "Other Sources";
			path = "";
			refType = 4;
			sourceTree = "<group>";
		};
		29B97317FDCFA39411CA2CEA = {
			children = (
				6286720805B509C60027ADC6,
				8D1107310486CEB800E47090,
				6277148605516DF300555DE5,
				6277148705516DF300555DE5,
				629DFACC055AD75C00F6DBDC,
				627714D805516FE800555DE5,
			);
			isa = PBXGroup;
			name = Resources;
			path = "";
			refType = 4;
			sourceTree = "<group>";
		};
		29B97323FDCFA39411CA2CEA = {
			children = (
				1058C7A0FEA54F0111CA2CBB,
				1058C7A2FEA54F0111CA2CBB,
				627718B40551726600555DE5,
				627718B50551726600555DE5,
				627718B60551726600555DE5,
			);
			isa = PBXGroup;
			name = Frameworks;
			path = "";
			refType = 4;
			sourceTree = "<group>";
		};
		29B97324FDCFA39411CA2CEA = {
			isa = PBXFileReference;
			lastKnownFileType = wrapper.framework;
			name = AppKit.framework;
			path = /System/Library/Frameworks/AppKit.framework;
			refType = 0;
			sourceTree = "<absolute>";
		};
		29B97325FDCFA39411CA2CEA = {
			isa = PBXFileReference;
			lastKnownFileType = wrapper.framework;
			name = Foundation.framework;
			path = /System/Library/Frameworks/Foundation.framework;
			refType = 0;
			sourceTree = "<absolute>";
		};
//290
//291
//292
//293
//294
//320
//321
//322
//323
//324
		32CA4F630368D1EE00C91783 = {
			fileEncoding = 4;
			isa = PBXFileReference;
			lastKnownFileType = sourcecode.c.h;
			path = cocoAspell_Prefix.pch;
			refType = 4;
			sourceTree = "<group>";
		};
//320
//321
//322
//323
//324
//4A0
//4A1
//4A2
//4A3
//4A4
		4A9504CCFFE6A4B311CA0CBA = {
			buildSettings = {
				COPY_PHASE_STRIP = NO;
				DEBUGGING_SYMBOLS = YES;
				GCC_DYNAMIC_NO_PIC = NO;
				GCC_ENABLE_FIX_AND_CONTINUE = YES;
				GCC_GENERATE_DEBUGGING_SYMBOLS = YES;
				GCC_OPTIMIZATION_LEVEL = 0;
				OPTIMIZATION_CFLAGS = "-O0";
				ZERO_LINK = NO;
			};
			isa = PBXBuildStyle;
			name = Development;
		};
		4A9504CDFFE6A4B311CA0CBA = {
			buildSettings = {
				COPY_PHASE_STRIP = YES;
				GCC_ENABLE_FIX_AND_CONTINUE = NO;
				ZERO_LINK = NO;
			};
			isa = PBXBuildStyle;
			name = Deployment;
		};
//4A0
//4A1
//4A2
//4A3
//4A4
//620
//621
//622
//623
//624
		621AEA12055AF1970059A15A = {
			fileRef = 6277142C05516CFB00555DE5;
			isa = PBXBuildFile;
			settings = {
			};
		};
		621AEA13055AF1970059A15A = {
			fileRef = 6277142E05516CFB00555DE5;
			isa = PBXBuildFile;
			settings = {
			};
		};
		621AEA14055AF1980059A15A = {
			fileRef = 6277143005516CFB00555DE5;
			isa = PBXBuildFile;
			settings = {
			};
		};
		621AEA15055AF1990059A15A = {
			fileRef = 6277143205516CFB00555DE5;
			isa = PBXBuildFile;
			settings = {
			};
		};
		621AEA16055AF19A0059A15A = {
			fileRef = 6277143405516CFB00555DE5;
			isa = PBXBuildFile;
			settings = {
			};
		};
		621AEA17055AF19F0059A15A = {
			fileRef = 6277143405516CFB00555DE5;
			isa = PBXBuildFile;
			settings = {
			};
		};
		621AEA18055AF1A00059A15A = {
			fileRef = 6277143205516CFB00555DE5;
			isa = PBXBuildFile;
			settings = {
			};
		};
		621AEA19055AF1A10059A15A = {
			fileRef = 6277143005516CFB00555DE5;
			isa = PBXBuildFile;
			settings = {
			};
		};
		621AEA1A055AF1A20059A15A = {
			fileRef = 6277142E05516CFB00555DE5;
			isa = PBXBuildFile;
			settings = {
			};
		};
		621AEA1B055AF1A40059A15A = {
			fileRef = 6277142C05516CFB00555DE5;
			isa = PBXBuildFile;
			settings = {
			};
		};
		621AEA39055AF6580059A15A = {
			fileRef = 6277148605516DF300555DE5;
			isa = PBXBuildFile;
			settings = {
			};
		};
		621AEA3A055AF65C0059A15A = {
			fileRef = 6277148705516DF300555DE5;
			isa = PBXBuildFile;
			settings = {
			};
		};
		62410F6A0551912C003FB0FC = {
			explicitFileType = wrapper.cfbundle;
			includeInIndex = 0;
			isa = PBXFileReference;
			path = Spelling.prefPane;
			refType = 3;
			sourceTree = BUILT_PRODUCTS_DIR;
		};
		62411B4605B7BB5F00DD75C5 = {
			fileRef = 6247766405B5C9CB006E78AA;
			isa = PBXBuildFile;
			settings = {
			};
		};
		62411B4D05B850DD00DD75C5 = {
			isa = PBXFileReference;
			lastKnownFileType = image.tiff;
			path = Add.tiff;
			refType = 4;
			sourceTree = "<group>";
		};
		62411B4E05B850DD00DD75C5 = {
			isa = PBXFileReference;
			lastKnownFileType = image.tiff;
			path = Remove.tiff;
			refType = 4;
			sourceTree = "<group>";
		};
		62411B4F05B850DD00DD75C5 = {
			fileRef = 62411B4D05B850DD00DD75C5;
			isa = PBXBuildFile;
			settings = {
			};
		};
		62411B5005B850DD00DD75C5 = {
			fileRef = 62411B4E05B850DD00DD75C5;
			isa = PBXBuildFile;
			settings = {
			};
		};
		62411B5705B85A8100DD75C5 = {
			fileEncoding = 4;
			isa = PBXFileReference;
			lastKnownFileType = sourcecode.c.h;
			name = DisableableTextField.h;
			path = Sources/DisableableTextField.h;
			refType = 4;
			sourceTree = "<group>";
		};
		62411B5805B85A8100DD75C5 = {
			fileEncoding = 4;
			isa = PBXFileReference;
			lastKnownFileType = sourcecode.c.objc;
			name = DisableableTextField.m;
			path = Sources/DisableableTextField.m;
			refType = 4;
			sourceTree = "<group>";
		};
		62411B5905B85A8100DD75C5 = {
			fileRef = 62411B5705B85A8100DD75C5;
			isa = PBXBuildFile;
			settings = {
			};
		};
		62411B5A05B85A8100DD75C5 = {
			fileRef = 62411B5805B85A8100DD75C5;
			isa = PBXBuildFile;
			settings = {
			};
		};
		6247766305B5C9CB006E78AA = {
			fileEncoding = 4;
			isa = PBXFileReference;
			lastKnownFileType = sourcecode.c.h;
			name = Dictionary.h;
			path = Sources/Dictionary.h;
			refType = 4;
			sourceTree = "<group>";
		};
		6247766405B5C9CB006E78AA = {
			fileEncoding = 4;
			isa = PBXFileReference;
			lastKnownFileType = sourcecode.c.objc;
			name = Dictionary.m;
			path = Sources/Dictionary.m;
			refType = 4;
			sourceTree = "<group>";
		};
		6247766505B5C9CB006E78AA = {
			fileRef = 6247766305B5C9CB006E78AA;
			isa = PBXBuildFile;
			settings = {
			};
		};
		6247766605B5C9CB006E78AA = {
			fileRef = 6247766405B5C9CB006E78AA;
			isa = PBXBuildFile;
			settings = {
			};
		};
		6277141C05516C6A00555DE5 = {
			fileEncoding = 30;
			isa = PBXFileReference;
			lastKnownFileType = sourcecode.cpp.cpp;
			name = termios.cc;
			path = "/Users/leuski/Documents/Installs/aspell-.33.7.1/src/termios.cc";
			refType = 0;
			sourceTree = "<absolute>";
		};
		6277141D05516C6A00555DE5 = {
			fileEncoding = 30;
			isa = PBXFileReference;
			lastKnownFileType = sourcecode.cpp.cpp;
			name = text_chain.cc;
			path = "/Users/leuski/Documents/Installs/aspell-.33.7.1/src/text_chain.cc";
			refType = 0;
			sourceTree = "<absolute>";
		};
		6277141F05516C6A00555DE5 = {
			fileRef = 6277141C05516C6A00555DE5;
			isa = PBXBuildFile;
			settings = {
			};
		};
		6277142005516C6A00555DE5 = {
			fileRef = 6277141D05516C6A00555DE5;
			isa = PBXBuildFile;
			settings = {
			};
		};
		6277142305516C9C00555DE5 = {
			buildActionMask = 2147483647;
			files = (
				6277146905516D3500555DE5,
				6277146B05516D3500555DE5,
				6277146F05516D3500555DE5,
				6277147105516D3500555DE5,
				6277147305516D3500555DE5,
				6247766505B5C9CB006E78AA,
				62411B5905B85A8100DD75C5,
			);
			isa = PBXHeadersBuildPhase;
			runOnlyForDeploymentPostprocessing = 0;
		};
		6277142405516C9C00555DE5 = {
			buildActionMask = 2147483647;
			files = (
				62411B5005B850DD00DD75C5,
				62411B4F05B850DD00DD75C5,
				6286721A05B535D20027ADC6,
				62BFC66005B0ED6700AF8BB2,
				621AEA39055AF6580059A15A,
				621AEA3A055AF65C0059A15A,
				629DFBC0055AD79400F6DBDC,
				629DFBC1055AD79400F6DBDC,
				629DFBC2055AD79400F6DBDC,
				629DFBC4055AD79400F6DBDC,
				6277157205516FE900555DE5,
				6277157305516FE900555DE5,
				6277157405516FE900555DE5,
				6277157505516FE900555DE5,
				6277157605516FE900555DE5,
				6277157805516FE900555DE5,
				6277157C05516FE900555DE5,
				6277158A05516FE900555DE5,
				6277158B05516FE900555DE5,
				6277158C05516FE900555DE5,
				627715C005516FE900555DE5,
			);
			isa = PBXResourcesBuildPhase;
			runOnlyForDeploymentPostprocessing = 0;
		};
		6277142505516C9C00555DE5 = {
			buildActionMask = 2147483647;
			files = (
				6277146A05516D3500555DE5,
				6277146C05516D3500555DE5,
				6277147005516D3500555DE5,
				6277147205516D3500555DE5,
				6277147405516D3500555DE5,
				621AEA12055AF1970059A15A,
				621AEA13055AF1970059A15A,
				621AEA14055AF1980059A15A,
				621AEA15055AF1990059A15A,
				621AEA16055AF19A0059A15A,
				6247766605B5C9CB006E78AA,
				62411B5A05B85A8100DD75C5,
			);
			isa = PBXSourcesBuildPhase;
			runOnlyForDeploymentPostprocessing = 0;
		};
		6277142605516C9C00555DE5 = {
			buildActionMask = 2147483647;
			files = (
				627B36DB0551863C0028BB7A,
				627B36DF0551865C0028BB7A,
			);
			isa = PBXFrameworksBuildPhase;
			runOnlyForDeploymentPostprocessing = 0;
		};
		6277142705516C9C00555DE5 = {
			buildPhases = (
				629DFBDB055AD83200F6DBDC,
				6277142305516C9C00555DE5,
				6277142405516C9C00555DE5,
				6277142505516C9C00555DE5,
				6277142605516C9C00555DE5,
			);
			buildRules = (
			);
			buildSettings = {
				DEPLOYMENT_LOCATION = NO;
				GCC_PRECOMPILE_PREFIX_HEADER = YES;
				GCC_PREFIX_HEADER = "$(SYSTEM_LIBRARY_DIR)/Frameworks/AppKit.framework/Headers/AppKit.h";
				GCC_WARN_FOUR_CHARACTER_CONSTANTS = NO;
				GCC_WARN_UNKNOWN_PRAGMAS = NO;
				INFOPLIST_FILE = "PreferencePane-Info.plist";
				INSTALL_PATH = "$(USER_LIBRARY_DIR)/PreferencePanes";
				LIBRARY_SEARCH_PATHS = /usr/local/aspell/lib;
				LIBRARY_STYLE = Bundle;
				OTHER_CFLAGS = "";
				OTHER_REZFLAGS = "";
				"Other linker flags" = "-framework Foundation -framework AppKit";
				PRODUCT_NAME = Spelling;
				SECTORDER_FLAGS = "";
				WARNING_CFLAGS = "-Wmost";
				WRAPPER_EXTENSION = prefPane;
			};
			dependencies = (
				629DFBDE055AD85500F6DBDC,
			);
			isa = PBXNativeTarget;
			name = PreferencePane;
			productName = PreferencePane;
			productReference = 62410F6A0551912C003FB0FC;
			productSettingsXML = "<?xml version=\"1.0\" encoding=\"UTF-8\"?>
<!DOCTYPE plist PUBLIC \"-//Apple Computer//DTD PLIST 1.0//EN\" \"http://www.apple.com/DTDs/PropertyList-1.0.dtd\">
<plist version=\"1.0\">
<dict>
	<key>CFBundleDevelopmentRegion</key>
	<string>English</string>
	<key>CFBundleExecutable</key>
	<string>PreferencePane</string>
	<key>CFBundleGetInfoString</key>
	<string></string>
	<key>CFBundleIconFile</key>
	<string></string>
	<key>CFBundleIdentifier</key>
	<string>com.MySoftwareCompany.PreferencePane</string>
	<key>CFBundleInfoDictionaryVersion</key>
	<string>6.0</string>
	<key>CFBundlePackageType</key>
	<string>APPL</string>
	<key>CFBundleShortVersionString</key>
	<string></string>
	<key>CFBundleSignature</key>
	<string>????</string>
	<key>CFBundleVersion</key>
	<string>1.0.0d1</string>
</dict>
</plist>
";
			productType = "com.apple.product-type.bundle";
		};
		6277142B05516CFB00555DE5 = {
			fileEncoding = 30;
			isa = PBXFileReference;
			lastKnownFileType = sourcecode.c.h;
			name = LanguageDesc.h;
			path = /Users/leuski/Documents/Programming/cocoAspell/Sources/LanguageDesc.h;
			refType = 0;
			sourceTree = "<absolute>";
		};
		6277142C05516CFB00555DE5 = {
			fileEncoding = 30;
			isa = PBXFileReference;
			lastKnownFileType = sourcecode.c.objc;
			name = LanguageDesc.m;
			path = /Users/leuski/Documents/Programming/cocoAspell/Sources/LanguageDesc.m;
			refType = 0;
			sourceTree = "<absolute>";
		};
		6277142D05516CFB00555DE5 = {
			fileEncoding = 30;
			isa = PBXFileReference;
			lastKnownFileType = sourcecode.c.h;
			name = LanguageUtilities.h;
			path = /Users/leuski/Documents/Programming/cocoAspell/Sources/LanguageUtilities.h;
			refType = 0;
			sourceTree = "<absolute>";
		};
		6277142E05516CFB00555DE5 = {
			fileEncoding = 30;
			isa = PBXFileReference;
			lastKnownFileType = sourcecode.c.objc;
			name = LanguageUtilities.m;
			path = /Users/leuski/Documents/Programming/cocoAspell/Sources/LanguageUtilities.m;
			refType = 0;
			sourceTree = "<absolute>";
		};
		6277142F05516CFB00555DE5 = {
			fileEncoding = 30;
			isa = PBXFileReference;
			lastKnownFileType = sourcecode.c.h;
			name = NSDictionary_Extensions.h;
			path = /Users/leuski/Documents/Programming/cocoAspell/Sources/NSDictionary_Extensions.h;
			refType = 0;
			sourceTree = "<absolute>";
		};
		6277143005516CFB00555DE5 = {
			fileEncoding = 30;
			isa = PBXFileReference;
			lastKnownFileType = sourcecode.c.objc;
			name = NSDictionary_Extensions.m;
			path = /Users/leuski/Documents/Programming/cocoAspell/Sources/NSDictionary_Extensions.m;
			refType = 0;
			sourceTree = "<absolute>";
		};
		6277143105516CFB00555DE5 = {
			fileEncoding = 30;
			isa = PBXFileReference;
			lastKnownFileType = sourcecode.c.h;
			name = Preferences.h;
			path = /Users/leuski/Documents/Programming/cocoAspell/Sources/Preferences.h;
			refType = 0;
			sourceTree = "<absolute>";
		};
		6277143205516CFB00555DE5 = {
			fileEncoding = 30;
			isa = PBXFileReference;
			lastKnownFileType = sourcecode.c.objc;
			name = Preferences.m;
			path = /Users/leuski/Documents/Programming/cocoAspell/Sources/Preferences.m;
			refType = 0;
			sourceTree = "<absolute>";
		};
		6277143305516CFB00555DE5 = {
			fileEncoding = 30;
			isa = PBXFileReference;
			lastKnownFileType = sourcecode.c.h;
			name = ProcessInfo.h;
			path = /Users/leuski/Documents/Programming/cocoAspell/Sources/ProcessInfo.h;
			refType = 0;
			sourceTree = "<absolute>";
		};
		6277143405516CFB00555DE5 = {
			fileEncoding = 30;
			isa = PBXFileReference;
			lastKnownFileType = sourcecode.c.objc;
			name = ProcessInfo.m;
			path = /Users/leuski/Documents/Programming/cocoAspell/Sources/ProcessInfo.m;
			refType = 0;
			sourceTree = "<absolute>";
		};
		6277143605516CFB00555DE5 = {
			fileRef = 6277142C05516CFB00555DE5;
			isa = PBXBuildFile;
			settings = {
			};
		};
		6277143805516CFB00555DE5 = {
			fileRef = 6277142E05516CFB00555DE5;
			isa = PBXBuildFile;
			settings = {
			};
		};
		6277143A05516CFB00555DE5 = {
			fileRef = 6277143005516CFB00555DE5;
			isa = PBXBuildFile;
			settings = {
			};
		};
		6277143C05516CFB00555DE5 = {
			fileRef = 6277143205516CFB00555DE5;
			isa = PBXBuildFile;
			settings = {
			};
		};
		6277143E05516CFB00555DE5 = {
			fileRef = 6277143405516CFB00555DE5;
			isa = PBXBuildFile;
			settings = {
			};
		};
		6277144D05516D1D00555DE5 = {
			children = (
				6277144E05516D1D00555DE5,
				6277144F05516D1D00555DE5,
				6277145005516D1D00555DE5,
				6277145105516D1D00555DE5,
				6277145205516D1D00555DE5,
				6277145305516D1D00555DE5,
			);
			isa = PBXGroup;
			name = Service;
			path = /Users/leuski/Documents/Programming/cocoAspell/Sources/Service;
			refType = 0;
			sourceTree = "<absolute>";
		};
		6277144E05516D1D00555DE5 = {
			fileEncoding = 30;
			isa = PBXFileReference;
			lastKnownFileType = sourcecode.c.h;
			path = cocoAspell.h;
			refType = 4;
			sourceTree = "<group>";
		};
		6277144F05516D1D00555DE5 = {
			fileEncoding = 30;
			isa = PBXFileReference;
			lastKnownFileType = sourcecode.c.objc;
			path = cocoAspell.m;
			refType = 4;
			sourceTree = "<group>";
		};
		6277145005516D1D00555DE5 = {
			fileEncoding = 30;
			isa = PBXFileReference;
			lastKnownFileType = sourcecode.c.h;
			path = LanguageManagerASpell.h;
			refType = 4;
			sourceTree = "<group>";
		};
		6277145105516D1D00555DE5 = {
			fileEncoding = 30;
			isa = PBXFileReference;
			lastKnownFileType = sourcecode.cpp.objcpp;
			path = LanguageManagerASpell.M;
			refType = 4;
			sourceTree = "<group>";
		};
		6277145205516D1D00555DE5 = {
			fileEncoding = 30;
			isa = PBXFileReference;
			lastKnownFileType = sourcecode.c.h;
			path = SpellDictionary.h;
			refType = 4;
			sourceTree = "<group>";
		};
		6277145305516D1D00555DE5 = {
			fileEncoding = 30;
			isa = PBXFileReference;
			lastKnownFileType = sourcecode.c.objc;
			path = SpellDictionary.m;
			refType = 4;
			sourceTree = "<group>";
		};
		6277145505516D1D00555DE5 = {
			fileRef = 6277144F05516D1D00555DE5;
			isa = PBXBuildFile;
			settings = {
			};
		};
		6277145705516D1D00555DE5 = {
			fileRef = 6277145105516D1D00555DE5;
			isa = PBXBuildFile;
			settings = {
			};
		};
		6277145905516D1D00555DE5 = {
			fileRef = 6277145305516D1D00555DE5;
			isa = PBXBuildFile;
			settings = {
			};
		};
		6277145C05516D3400555DE5 = {
			children = (
				6277145D05516D3400555DE5,
				6277145E05516D3400555DE5,
				6277145F05516D3400555DE5,
				6277146005516D3400555DE5,
				6277146305516D3400555DE5,
				6277146405516D3500555DE5,
				6277146505516D3500555DE5,
				6277146605516D3500555DE5,
				6277146705516D3500555DE5,
				6277146805516D3500555DE5,
			);
			isa = PBXGroup;
			name = PreferencePane;
			path = /Users/leuski/Documents/Programming/cocoAspell/Sources/PreferencePane;
			refType = 0;
			sourceTree = "<absolute>";
		};
		6277145D05516D3400555DE5 = {
			fileEncoding = 30;
			isa = PBXFileReference;
			lastKnownFileType = sourcecode.c.h;
			path = CAPPBase.h;
			refType = 4;
			sourceTree = "<group>";
		};
		6277145E05516D3400555DE5 = {
			fileEncoding = 30;
			isa = PBXFileReference;
			lastKnownFileType = sourcecode.c.objc;
			path = CAPPBase.m;
			refType = 4;
			sourceTree = "<group>";
		};
		6277145F05516D3400555DE5 = {
			fileEncoding = 30;
			isa = PBXFileReference;
			lastKnownFileType = sourcecode.c.h;
			path = CAPPMenu.h;
			refType = 4;
			sourceTree = "<group>";
		};
		6277146005516D3400555DE5 = {
			fileEncoding = 30;
			isa = PBXFileReference;
			lastKnownFileType = sourcecode.c.objc;
			path = CAPPMenu.m;
			refType = 4;
			sourceTree = "<group>";
		};
		6277146305516D3400555DE5 = {
			fileEncoding = 30;
			isa = PBXFileReference;
			lastKnownFileType = sourcecode.c.h;
			path = NSTextViewWithLinks.h;
			refType = 4;
			sourceTree = "<group>";
		};
		6277146405516D3500555DE5 = {
			fileEncoding = 30;
			isa = PBXFileReference;
			lastKnownFileType = sourcecode.c.objc;
			path = NSTextViewWithLinks.m;
			refType = 4;
			sourceTree = "<group>";
		};
		6277146505516D3500555DE5 = {
			fileEncoding = 30;
			isa = PBXFileReference;
			lastKnownFileType = sourcecode.c.h;
			path = TeXCommandFormatter.h;
			refType = 4;
			sourceTree = "<group>";
		};
		6277146605516D3500555DE5 = {
			fileEncoding = 30;
			isa = PBXFileReference;
			lastKnownFileType = sourcecode.c.objc;
			path = TeXCommandFormatter.m;
			refType = 4;
			sourceTree = "<group>";
		};
		6277146705516D3500555DE5 = {
			fileEncoding = 30;
			isa = PBXFileReference;
			lastKnownFileType = sourcecode.c.h;
			path = TeXParameterFormatter.h;
			refType = 4;
			sourceTree = "<group>";
		};
		6277146805516D3500555DE5 = {
			fileEncoding = 30;
			isa = PBXFileReference;
			lastKnownFileType = sourcecode.c.objc;
			path = TeXParameterFormatter.m;
			refType = 4;
			sourceTree = "<group>";
		};
		6277146905516D3500555DE5 = {
			fileRef = 6277145D05516D3400555DE5;
			isa = PBXBuildFile;
			settings = {
			};
		};
		6277146A05516D3500555DE5 = {
			fileRef = 6277145E05516D3400555DE5;
			isa = PBXBuildFile;
			settings = {
			};
		};
		6277146B05516D3500555DE5 = {
			fileRef = 6277145F05516D3400555DE5;
			isa = PBXBuildFile;
			settings = {
			};
		};
		6277146C05516D3500555DE5 = {
			fileRef = 6277146005516D3400555DE5;
			isa = PBXBuildFile;
			settings = {
			};
		};
		6277146F05516D3500555DE5 = {
			fileRef = 6277146305516D3400555DE5;
			isa = PBXBuildFile;
			settings = {
			};
		};
		6277147005516D3500555DE5 = {
			fileRef = 6277146405516D3500555DE5;
			isa = PBXBuildFile;
			settings = {
			};
		};
		6277147105516D3500555DE5 = {
			fileRef = 6277146505516D3500555DE5;
			isa = PBXBuildFile;
			settings = {
			};
		};
		6277147205516D3500555DE5 = {
			fileRef = 6277146605516D3500555DE5;
			isa = PBXBuildFile;
			settings = {
			};
		};
		6277147305516D3500555DE5 = {
			fileRef = 6277146705516D3500555DE5;
			isa = PBXBuildFile;
			settings = {
			};
		};
		6277147405516D3500555DE5 = {
			fileRef = 6277146805516D3500555DE5;
			isa = PBXBuildFile;
			settings = {
			};
		};
		6277148505516DF300555DE5 = {
			isa = PBXFileReference;
			lastKnownFileType = wrapper.cfbundle;
			name = aspell.service;
			path = /Users/leuski/Documents/Programming/cocoAspell/Resources/aspell.service;
			refType = 0;
			sourceTree = "<absolute>";
		};
		6277148605516DF300555DE5 = {
			fileEncoding = 30;
			isa = PBXFileReference;
			lastKnownFileType = text.plist;
			name = defaults.plist;
			path = /Users/leuski/Documents/Programming/cocoAspell/Resources/defaults.plist;
			refType = 0;
			sourceTree = "<absolute>";
		};
		6277148705516DF300555DE5 = {
			isa = PBXFileReference;
			lastKnownFileType = image.icns;
			name = dictionary.icns;
			path = /Users/leuski/Documents/Programming/cocoAspell/Resources/dictionary.icns;
			refType = 0;
			sourceTree = "<absolute>";
		};
		6277149305516E2900555DE5 = {
			isa = PBXFileReference;
			lastKnownFileType = folder;
			name = lib;
			path = /Users/leuski/Documents/Programming/cocoAspell/Resources/lib;
			refType = 0;
			sourceTree = "<absolute>";
		};
		6277149405516E2900555DE5 = {
			isa = PBXFileReference;
			lastKnownFileType = folder;
			name = share;
			path = /Users/leuski/Documents/Programming/cocoAspell/Resources/share;
			refType = 0;
			sourceTree = "<absolute>";
		};
		6277149505516E2900555DE5 = {
			fileRef = 6277149305516E2900555DE5;
			isa = PBXBuildFile;
			settings = {
			};
		};
		6277149605516E2900555DE5 = {
			fileRef = 6277149405516E2900555DE5;
			isa = PBXBuildFile;
			settings = {
			};
		};
		627714D805516FE800555DE5 = {
			children = (
				62411B4D05B850DD00DD75C5,
				62411B4E05B850DD00DD75C5,
				627714DA05516FE800555DE5,
				627714DB05516FE800555DE5,
				627714DC05516FE800555DE5,
				627714DD05516FE800555DE5,
				627714DF05516FE800555DE5,
				627714E305516FE800555DE5,
				627714F505516FE800555DE5,
				6277151505516FE800555DE5,
				6277151605516FE800555DE5,
				6277151B05516FE800555DE5,
				6277156C05516FE900555DE5,
			);
			isa = PBXGroup;
			name = PreferencePane;
			path = /Users/leuski/Documents/Programming/cocoAspell/Resources;
			refType = 0;
			sourceTree = "<absolute>";
		};
		627714DA05516FE800555DE5 = {
			isa = PBXFileReference;
			lastKnownFileType = image.tiff;
			path = cocoAspell.tiff;
			refType = 4;
			sourceTree = "<group>";
		};
		627714DB05516FE800555DE5 = {
			isa = PBXFileReference;
			lastKnownFileType = image.tiff;
			path = CocoAspellPrefPref.tiff;
			refType = 4;
			sourceTree = "<group>";
		};
		627714DC05516FE800555DE5 = {
			fileEncoding = 4;
			isa = PBXFileReference;
			lastKnownFileType = text.html;
			path = credits.html;
			refType = 4;
			sourceTree = "<group>";
		};
		627714DD05516FE800555DE5 = {
			children = (
				627714DE05516FE800555DE5,
				627714E505516FE800555DE5,
				627714EB05516FE800555DE5,
				627714F105516FE800555DE5,
				627714F605516FE800555DE5,
				627714FA05516FE800555DE5,
				6277150D05516FE800555DE5,
				6277151105516FE800555DE5,
				6277151705516FE800555DE5,
				6277151C05516FE800555DE5,
				6277152005516FE800555DE5,
				6277156805516FE900555DE5,
				6277156D05516FE900555DE5,
			);
			isa = PBXVariantGroup;
			name = CAPPMenu.nib;
			path = "";
			refType = 4;
			sourceTree = "<group>";
		};
		627714DE05516FE800555DE5 = {
			isa = PBXFileReference;
			lastKnownFileType = wrapper.nib;
			name = da;
			path = da.lproj/CAPPMenu.nib;
			refType = 4;
			sourceTree = "<group>";
		};
		627714DF05516FE800555DE5 = {
			children = (
				627714E005516FE800555DE5,
				627714E605516FE800555DE5,
				627714EE05516FE800555DE5,
				627714F205516FE800555DE5,
				627714F705516FE800555DE5,
				627714FB05516FE800555DE5,
				6277150E05516FE800555DE5,
				6277151205516FE800555DE5,
				6277151805516FE800555DE5,
				6277151D05516FE800555DE5,
				6277152105516FE800555DE5,
				6277156905516FE900555DE5,
				6277156E05516FE900555DE5,
			);
			isa = PBXVariantGroup;
			name = InfoPlist.strings;
			path = "";
			refType = 4;
			sourceTree = "<group>";
		};
		627714E005516FE800555DE5 = {
			fileEncoding = 30;
			isa = PBXFileReference;
			lastKnownFileType = text.plist.strings;
			name = da;
			path = da.lproj/InfoPlist.strings;
			refType = 4;
			sourceTree = "<group>";
		};
		627714E305516FE800555DE5 = {
			children = (
				627714E405516FE800555DE5,
				627714E805516FE800555DE5,
				627714F005516FE800555DE5,
				627714F405516FE800555DE5,
				627714F905516FE800555DE5,
				627714FD05516FE800555DE5,
				6277151005516FE800555DE5,
				6277151405516FE800555DE5,
				6277151A05516FE800555DE5,
				6277151F05516FE800555DE5,
				6277152305516FE800555DE5,
				6277156B05516FE900555DE5,
				6277157005516FE900555DE5,
			);
			isa = PBXVariantGroup;
			name = Localizable.strings;
			path = "";
			refType = 4;
			sourceTree = "<group>";
		};
		627714E405516FE800555DE5 = {
			fileEncoding = 30;
			isa = PBXFileReference;
			lastKnownFileType = text.plist.strings;
			name = da;
			path = da.lproj/Localizable.strings;
			refType = 4;
			sourceTree = "<group>";
		};
		627714E505516FE800555DE5 = {
			isa = PBXFileReference;
			lastKnownFileType = wrapper.nib;
			name = de;
			path = de.lproj/CAPPMenu.nib;
			refType = 4;
			sourceTree = "<group>";
		};
		627714E605516FE800555DE5 = {
			fileEncoding = 30;
			isa = PBXFileReference;
			lastKnownFileType = text.plist.strings;
			name = de;
			path = de.lproj/InfoPlist.strings;
			refType = 4;
			sourceTree = "<group>";
		};
		627714E805516FE800555DE5 = {
			fileEncoding = 30;
			isa = PBXFileReference;
			lastKnownFileType = text.plist.strings;
			name = de;
			path = de.lproj/Localizable.strings;
			refType = 4;
			sourceTree = "<group>";
		};
		627714EB05516FE800555DE5 = {
			isa = PBXFileReference;
			lastKnownFileType = wrapper.nib;
			name = en;
			path = en.lproj/CAPPMenu.nib;
			refType = 4;
			sourceTree = "<group>";
		};
		627714EE05516FE800555DE5 = {
			fileEncoding = 30;
			isa = PBXFileReference;
			lastKnownFileType = text.plist.strings;
			name = en;
			path = en.lproj/InfoPlist.strings;
			refType = 4;
			sourceTree = "<group>";
		};
		627714F005516FE800555DE5 = {
			fileEncoding = 30;
			isa = PBXFileReference;
			lastKnownFileType = text.plist.strings;
			name = en;
			path = en.lproj/Localizable.strings;
			refType = 4;
			sourceTree = "<group>";
		};
		627714F105516FE800555DE5 = {
			isa = PBXFileReference;
			lastKnownFileType = wrapper.nib;
			name = es;
			path = es.lproj/CAPPMenu.nib;
			refType = 4;
			sourceTree = "<group>";
		};
		627714F205516FE800555DE5 = {
			fileEncoding = 4;
			isa = PBXFileReference;
			lastKnownFileType = text.plist.strings;
			name = es;
			path = es.lproj/InfoPlist.strings;
			refType = 4;
			sourceTree = "<group>";
		};
		627714F405516FE800555DE5 = {
			fileEncoding = 30;
			isa = PBXFileReference;
			lastKnownFileType = text.plist.strings;
			name = es;
			path = es.lproj/Localizable.strings;
			refType = 4;
			sourceTree = "<group>";
		};
		627714F505516FE800555DE5 = {
			isa = PBXFileReference;
			lastKnownFileType = image.tiff;
			path = fingerCursor.tiff;
			refType = 4;
			sourceTree = "<group>";
		};
		627714F605516FE800555DE5 = {
			isa = PBXFileReference;
			lastKnownFileType = wrapper.nib;
			name = fr;
			path = fr.lproj/CAPPMenu.nib;
			refType = 4;
			sourceTree = "<group>";
		};
		627714F705516FE800555DE5 = {
			fileEncoding = 30;
			isa = PBXFileReference;
			lastKnownFileType = text.plist.strings;
			name = fr;
			path = fr.lproj/InfoPlist.strings;
			refType = 4;
			sourceTree = "<group>";
		};
		627714F905516FE800555DE5 = {
			fileEncoding = 30;
			isa = PBXFileReference;
			lastKnownFileType = text.plist.strings;
			name = fr;
			path = fr.lproj/Localizable.strings;
			refType = 4;
			sourceTree = "<group>";
		};
		627714FA05516FE800555DE5 = {
			isa = PBXFileReference;
			lastKnownFileType = wrapper.nib;
			name = it;
			path = it.lproj/CAPPMenu.nib;
			refType = 4;
			sourceTree = "<group>";
		};
		627714FB05516FE800555DE5 = {
			fileEncoding = 30;
			isa = PBXFileReference;
			lastKnownFileType = text.plist.strings;
			name = it;
			path = it.lproj/InfoPlist.strings;
			refType = 4;
			sourceTree = "<group>";
		};
		627714FD05516FE800555DE5 = {
			fileEncoding = 30;
			isa = PBXFileReference;
			lastKnownFileType = text.plist.strings;
			name = it;
			path = it.lproj/Localizable.strings;
			refType = 4;
			sourceTree = "<group>";
		};
		6277150D05516FE800555DE5 = {
			isa = PBXFileReference;
			lastKnownFileType = wrapper.nib;
			name = nl;
			path = nl.lproj/CAPPMenu.nib;
			refType = 4;
			sourceTree = "<group>";
		};
		6277150E05516FE800555DE5 = {
			fileEncoding = 30;
			isa = PBXFileReference;
			lastKnownFileType = text.plist.strings;
			name = nl;
			path = nl.lproj/InfoPlist.strings;
			refType = 4;
			sourceTree = "<group>";
		};
		6277151005516FE800555DE5 = {
			fileEncoding = 30;
			isa = PBXFileReference;
			lastKnownFileType = text.plist.strings;
			name = nl;
			path = nl.lproj/Localizable.strings;
			refType = 4;
			sourceTree = "<group>";
		};
		6277151105516FE800555DE5 = {
			isa = PBXFileReference;
			lastKnownFileType = wrapper.nib;
			name = no;
			path = no.lproj/CAPPMenu.nib;
			refType = 4;
			sourceTree = "<group>";
		};
		6277151205516FE800555DE5 = {
			fileEncoding = 30;
			isa = PBXFileReference;
			lastKnownFileType = text.plist.strings;
			name = no;
			path = no.lproj/InfoPlist.strings;
			refType = 4;
			sourceTree = "<group>";
		};
		6277151405516FE800555DE5 = {
			fileEncoding = 4;
			isa = PBXFileReference;
			lastKnownFileType = text.plist.strings;
			name = no;
			path = no.lproj/Localizable.strings;
			refType = 4;
			sourceTree = "<group>";
		};
		6277151505516FE800555DE5 = {
			fileEncoding = 30;
			isa = PBXFileReference;
			lastKnownFileType = text.plist.strings;
			path = Nonlocalizable.strings;
			refType = 4;
			sourceTree = "<group>";
		};
		6277151605516FE800555DE5 = {
			isa = PBXFileReference;
			lastKnownFileType = image.tiff;
			path = note.tiff;
			refType = 4;
			sourceTree = "<group>";
		};
		6277151705516FE800555DE5 = {
			isa = PBXFileReference;
			lastKnownFileType = wrapper.nib;
			name = pl;
			path = pl.lproj/CAPPMenu.nib;
			refType = 4;
			sourceTree = "<group>";
		};
		6277151805516FE800555DE5 = {
			fileEncoding = 30;
			isa = PBXFileReference;
			lastKnownFileType = text.plist.strings;
			name = pl;
			path = pl.lproj/InfoPlist.strings;
			refType = 4;
			sourceTree = "<group>";
		};
		6277151A05516FE800555DE5 = {
			fileEncoding = 4;
			isa = PBXFileReference;
			lastKnownFileType = text.plist.strings;
			name = pl;
			path = pl.lproj/Localizable.strings;
			refType = 4;
			sourceTree = "<group>";
		};
		6277151B05516FE800555DE5 = {
			isa = PBXFileReference;
			lastKnownFileType = image.icns;
			path = PrefPaneBundle.icns;
			refType = 4;
			sourceTree = "<group>";
		};
		6277151C05516FE800555DE5 = {
			isa = PBXFileReference;
			lastKnownFileType = wrapper.nib;
			name = pt_BR;
			path = pt_BR.lproj/CAPPMenu.nib;
			refType = 4;
			sourceTree = "<group>";
		};
		6277151D05516FE800555DE5 = {
			fileEncoding = 4;
			isa = PBXFileReference;
			lastKnownFileType = text.plist.strings;
			name = pt_BR;
			path = pt_BR.lproj/InfoPlist.strings;
			refType = 4;
			sourceTree = "<group>";
		};
		6277151F05516FE800555DE5 = {
			fileEncoding = 4;
			isa = PBXFileReference;
			lastKnownFileType = text.plist.strings;
			name = pt_BR;
			path = pt_BR.lproj/Localizable.strings;
			refType = 4;
			sourceTree = "<group>";
		};
		6277152005516FE800555DE5 = {
			isa = PBXFileReference;
			lastKnownFileType = wrapper.nib;
			name = ru;
			path = ru.lproj/CAPPMenu.nib;
			refType = 4;
			sourceTree = "<group>";
		};
		6277152105516FE800555DE5 = {
			fileEncoding = 4;
			isa = PBXFileReference;
			lastKnownFileType = text.plist.strings;
			name = ru;
			path = ru.lproj/InfoPlist.strings;
			refType = 4;
			sourceTree = "<group>";
		};
		6277152305516FE800555DE5 = {
			fileEncoding = 4;
			isa = PBXFileReference;
			lastKnownFileType = text.plist.strings;
			name = ru;
			path = ru.lproj/Localizable.strings;
			refType = 4;
			sourceTree = "<group>";
		};
		6277156805516FE900555DE5 = {
			isa = PBXFileReference;
			lastKnownFileType = wrapper.nib;
			name = sv;
			path = sv.lproj/CAPPMenu.nib;
			refType = 4;
			sourceTree = "<group>";
		};
		6277156905516FE900555DE5 = {
			fileEncoding = 30;
			isa = PBXFileReference;
			lastKnownFileType = text.plist.strings;
			name = sv;
			path = sv.lproj/InfoPlist.strings;
			refType = 4;
			sourceTree = "<group>";
		};
		6277156B05516FE900555DE5 = {
			fileEncoding = 4;
			isa = PBXFileReference;
			lastKnownFileType = text.plist.strings;
			name = sv;
			path = sv.lproj/Localizable.strings;
			refType = 4;
			sourceTree = "<group>";
		};
		6277156C05516FE900555DE5 = {
			isa = PBXFileReference;
			lastKnownFileType = text.rtf;
			path = TeXParameters.rtf;
			refType = 4;
			sourceTree = "<group>";
		};
		6277156D05516FE900555DE5 = {
			isa = PBXFileReference;
			lastKnownFileType = wrapper.nib;
			name = uk;
			path = uk.lproj/CAPPMenu.nib;
			refType = 4;
			sourceTree = "<group>";
		};
		6277156E05516FE900555DE5 = {
			fileEncoding = 4;
			isa = PBXFileReference;
			lastKnownFileType = text.plist.strings;
			name = uk;
			path = uk.lproj/InfoPlist.strings;
			refType = 4;
			sourceTree = "<group>";
		};
		6277157005516FE900555DE5 = {
			fileEncoding = 4;
			isa = PBXFileReference;
			lastKnownFileType = text.plist.strings;
			name = uk;
			path = uk.lproj/Localizable.strings;
			refType = 4;
			sourceTree = "<group>";
		};
		6277157205516FE900555DE5 = {
			fileRef = 627714DA05516FE800555DE5;
			isa = PBXBuildFile;
			settings = {
			};
		};
		6277157305516FE900555DE5 = {
			fileRef = 627714DB05516FE800555DE5;
			isa = PBXBuildFile;
			settings = {
			};
		};
		6277157405516FE900555DE5 = {
			fileRef = 627714DC05516FE800555DE5;
			isa = PBXBuildFile;
			settings = {
			};
		};
		6277157505516FE900555DE5 = {
			fileRef = 627714DD05516FE800555DE5;
			isa = PBXBuildFile;
			settings = {
			};
		};
		6277157605516FE900555DE5 = {
			fileRef = 627714DF05516FE800555DE5;
			isa = PBXBuildFile;
			settings = {
			};
		};
		6277157805516FE900555DE5 = {
			fileRef = 627714E305516FE800555DE5;
			isa = PBXBuildFile;
			settings = {
			};
		};
		6277157C05516FE900555DE5 = {
			fileRef = 627714F505516FE800555DE5;
			isa = PBXBuildFile;
			settings = {
			};
		};
		6277158A05516FE900555DE5 = {
			fileRef = 6277151505516FE800555DE5;
			isa = PBXBuildFile;
			settings = {
			};
		};
		6277158B05516FE900555DE5 = {
			fileRef = 6277151605516FE800555DE5;
			isa = PBXBuildFile;
			settings = {
			};
		};
		6277158C05516FE900555DE5 = {
			fileRef = 6277151B05516FE800555DE5;
			isa = PBXBuildFile;
			settings = {
			};
		};
		627715C005516FE900555DE5 = {
			fileRef = 6277156C05516FE900555DE5;
			isa = PBXBuildFile;
			settings = {
			};
		};
		627718AA055170FF00555DE5 = {
			fileRef = 6277148605516DF300555DE5;
			isa = PBXBuildFile;
			settings = {
			};
		};
		627718AB0551710400555DE5 = {
			fileRef = 6277148705516DF300555DE5;
			isa = PBXBuildFile;
			settings = {
			};
		};
		627718AD0551710E00555DE5 = {
			fileRef = 6277148505516DF300555DE5;
			isa = PBXBuildFile;
			settings = {
			};
		};
		627718B40551726600555DE5 = {
			isa = PBXFileReference;
			lastKnownFileType = archive.ar;
			name = libaspell.a;
			path = /usr/local/aspell/lib/libaspell.a;
			refType = 0;
			sourceTree = "<absolute>";
		};
		627718B50551726600555DE5 = {
			isa = PBXFileReference;
			lastKnownFileType = archive.ar;
			name = "libpspell-modules.a";
			path = "/usr/local/aspell/lib/libpspell-modules.a";
			refType = 0;
			sourceTree = "<absolute>";
		};
		627718B60551726600555DE5 = {
			isa = PBXFileReference;
			lastKnownFileType = archive.ar;
			name = libpspell.a;
			path = /usr/local/aspell/lib/libpspell.a;
			refType = 0;
			sourceTree = "<absolute>";
		};
		627718B70551726600555DE5 = {
			fileRef = 627718B40551726600555DE5;
			isa = PBXBuildFile;
			settings = {
			};
		};
		627718B80551726600555DE5 = {
			fileRef = 627718B50551726600555DE5;
			isa = PBXBuildFile;
			settings = {
			};
		};
		627718B90551726600555DE5 = {
			fileRef = 627718B60551726600555DE5;
			isa = PBXBuildFile;
			settings = {
			};
		};
		627718BC0551728100555DE5 = {
			isa = PBXFileReference;
			lastKnownFileType = "compiled.mach-o.executable";
			name = "word-list-compress";
			path = "/usr/local/aspell/bin/word-list-compress";
			refType = 0;
			sourceTree = "<absolute>";
		};
		627718BD0551728100555DE5 = {
			fileRef = 627718BC0551728100555DE5;
			isa = PBXBuildFile;
			settings = {
			};
		};
		627B36BF055181E80028BB7A = {
			fileEncoding = 30;
			isa = PBXFileReference;
			lastKnownFileType = sourcecode.cpp.cpp;
			name = aspell.cc;
			path = "/Users/leuski/Documents/Installs/aspell-.33.7.1/src/aspell.cc";
			refType = 0;
			sourceTree = "<absolute>";
		};
		627B36C0055181E80028BB7A = {
			fileRef = 627B36BF055181E80028BB7A;
			isa = PBXBuildFile;
			settings = {
			};
		};
		627B36DB0551863C0028BB7A = {
			fileRef = 1058C7A1FEA54F0111CA2CBB;
			isa = PBXBuildFile;
			settings = {
			};
		};
		627B36DE0551865C0028BB7A = {
			isa = PBXFileReference;
			lastKnownFileType = wrapper.framework;
			name = PreferencePanes.framework;
			path = /System/Library/Frameworks/PreferencePanes.framework;
			refType = 0;
			sourceTree = "<absolute>";
		};
		627B36DF0551865C0028BB7A = {
			fileRef = 627B36DE0551865C0028BB7A;
			isa = PBXBuildFile;
			settings = {
			};
		};
		6286720805B509C60027ADC6 = {
			fileEncoding = 4;
			isa = PBXFileReference;
			lastKnownFileType = text.plist.strings;
			name = Languages.strings;
			path = Resources/Languages.strings;
			refType = 4;
			sourceTree = "<group>";
		};
		6286721A05B535D20027ADC6 = {
			fileRef = 6286720805B509C60027ADC6;
			isa = PBXBuildFile;
			settings = {
			};
		};
		629DFACC055AD75C00F6DBDC = {
			children = (
				62BFC65F05B0ED6700AF8BB2,
				6277148505516DF300555DE5,
				6277149305516E2900555DE5,
				6277149405516E2900555DE5,
				627718BC0551728100555DE5,
			);
			isa = PBXGroup;
			name = Service;
			refType = 4;
			sourceTree = "<group>";
		};
		629DFBC0055AD79400F6DBDC = {
			fileRef = 6277148505516DF300555DE5;
			isa = PBXBuildFile;
			settings = {
			};
		};
		629DFBC1055AD79400F6DBDC = {
			fileRef = 6277149305516E2900555DE5;
			isa = PBXBuildFile;
			settings = {
			};
		};
		629DFBC2055AD79400F6DBDC = {
			fileRef = 6277149405516E2900555DE5;
			isa = PBXBuildFile;
			settings = {
			};
		};
		629DFBC4055AD79400F6DBDC = {
			fileRef = 627718BC0551728100555DE5;
			isa = PBXBuildFile;
			settings = {
			};
		};
		629DFBC9055AD7CC00F6DBDC = {
			buildActionMask = 2147483647;
			files = (
			);
			isa = PBXHeadersBuildPhase;
			runOnlyForDeploymentPostprocessing = 0;
		};
		629DFBCA055AD7CC00F6DBDC = {
			buildActionMask = 2147483647;
			files = (
				629DFBD1055AD7F600F6DBDC,
				629DFBD2055AD7F600F6DBDC,
				629DFBD3055AD7F600F6DBDC,
				621AEA17055AF19F0059A15A,
				621AEA18055AF1A00059A15A,
				621AEA19055AF1A10059A15A,
				621AEA1A055AF1A20059A15A,
				621AEA1B055AF1A40059A15A,
				62CB8448055AFA6E0001224D,
				62CB8449055AFA6F0001224D,
				62CB844A055AFA6F0001224D,
				62411B4605B7BB5F00DD75C5,
			);
			isa = PBXSourcesBuildPhase;
			runOnlyForDeploymentPostprocessing = 0;
		};
		629DFBCB055AD7CC00F6DBDC = {
			buildActionMask = 2147483647;
			files = (
				629DFBD4055AD80E00F6DBDC,
				629DFBD5055AD81300F6DBDC,
				629DFBD6055AD81300F6DBDC,
				629DFBD7055AD81300F6DBDC,
			);
			isa = PBXFrameworksBuildPhase;
			runOnlyForDeploymentPostprocessing = 0;
		};
		629DFBCC055AD7CC00F6DBDC = {
			buildPhases = (
				629DFBC9055AD7CC00F6DBDC,
				629DFBCA055AD7CC00F6DBDC,
				629DFBCB055AD7CC00F6DBDC,
			);
			buildRules = (
			);
			buildSettings = {
				GCC_PRECOMPILE_PREFIX_HEADER = YES;
				GCC_PREFIX_HEADER = cocoAspell_Prefix.pch;
				GCC_WARN_FOUR_CHARACTER_CONSTANTS = NO;
				GCC_WARN_UNKNOWN_PRAGMAS = NO;
				INSTALL_PATH = "";
				LIBRARY_SEARCH_PATHS = /usr/local/aspell/lib;
				OTHER_CFLAGS = "-D__cocoAspell__ -I/usr/local/aspell/include -I/usr/local/aspell/include/aspell";
				OTHER_LDFLAGS = "-framework Foundation -framework AppKit";
				OTHER_REZFLAGS = "";
				PRODUCT_NAME = cocoAspell;
				SECTORDER_FLAGS = "";
				WARNING_CFLAGS = "-Wmost";
			};
			dependencies = (
			);
			isa = PBXNativeTarget;
			name = "PP Service";
			productName = "PP Service";
			productReference = 629DFBCD055AD7CC00F6DBDC;
			productType = "com.apple.product-type.tool";
		};
		629DFBCD055AD7CC00F6DBDC = {
			explicitFileType = "compiled.mach-o.executable";
			includeInIndex = 0;
			isa = PBXFileReference;
			path = cocoAspell;
			refType = 3;
			sourceTree = BUILT_PRODUCTS_DIR;
		};
		629DFBD1055AD7F600F6DBDC = {
			fileRef = 6277144F05516D1D00555DE5;
			isa = PBXBuildFile;
			settings = {
			};
		};
		629DFBD2055AD7F600F6DBDC = {
			fileRef = 6277145105516D1D00555DE5;
			isa = PBXBuildFile;
			settings = {
			};
		};
		629DFBD3055AD7F600F6DBDC = {
			fileRef = 6277145305516D1D00555DE5;
			isa = PBXBuildFile;
			settings = {
			};
		};
		629DFBD4055AD80E00F6DBDC = {
			fileRef = 1058C7A1FEA54F0111CA2CBB;
			isa = PBXBuildFile;
			settings = {
			};
		};
		629DFBD5055AD81300F6DBDC = {
			fileRef = 627718B40551726600555DE5;
			isa = PBXBuildFile;
			settings = {
			};
		};
		629DFBD6055AD81300F6DBDC = {
			fileRef = 627718B50551726600555DE5;
			isa = PBXBuildFile;
			settings = {
			};
		};
		629DFBD7055AD81300F6DBDC = {
			fileRef = 627718B60551726600555DE5;
			isa = PBXBuildFile;
			settings = {
			};
		};
		629DFBDB055AD83200F6DBDC = {
			buildActionMask = 2147483647;
			dstPath = "";
			dstSubfolderSpec = 6;
			files = (
				629DFBDC055AD84000F6DBDC,
			);
			isa = PBXCopyFilesBuildPhase;
			runOnlyForDeploymentPostprocessing = 0;
		};
		629DFBDC055AD84000F6DBDC = {
			fileRef = 629DFBCD055AD7CC00F6DBDC;
			isa = PBXBuildFile;
			settings = {
			};
		};
		629DFBDD055AD85500F6DBDC = {
			containerPortal = 29B97313FDCFA39411CA2CEA;
			isa = PBXContainerItemProxy;
			proxyType = 1;
			remoteGlobalIDString = 629DFBCC055AD7CC00F6DBDC;
			remoteInfo = "PP Service";
		};
		629DFBDE055AD85500F6DBDC = {
			isa = PBXTargetDependency;
			target = 629DFBCC055AD7CC00F6DBDC;
			targetProxy = 629DFBDD055AD85500F6DBDC;
		};
		62BFC65F05B0ED6700AF8BB2 = {
			isa = PBXFileReference;
			lastKnownFileType = "compiled.mach-o.executable";
			name = gnumake;
			path = /usr/bin/gnumake;
			refType = 0;
			sourceTree = "<absolute>";
		};
		62BFC66005B0ED6700AF8BB2 = {
			fileRef = 62BFC65F05B0ED6700AF8BB2;
			isa = PBXBuildFile;
			settings = {
			};
		};
		62CB8448055AFA6E0001224D = {
			fileRef = 627B36BF055181E80028BB7A;
			isa = PBXBuildFile;
			settings = {
			};
		};
		62CB8449055AFA6F0001224D = {
			fileRef = 6277141C05516C6A00555DE5;
			isa = PBXBuildFile;
			settings = {
			};
		};
		62CB844A055AFA6F0001224D = {
			fileRef = 6277141D05516C6A00555DE5;
			isa = PBXBuildFile;
			settings = {
			};
		};
		62E40E8A05C637EB001DEA7B = {
			buildActionMask = 2147483647;
			files = (
			);
			isa = PBXHeadersBuildPhase;
			runOnlyForDeploymentPostprocessing = 0;
		};
		62E40E8B05C637EB001DEA7B = {
			buildActionMask = 2147483647;
			files = (
				62E40E9305C6383B001DEA7B,
				62E40E9405C63A52001DEA7B,
				62E40E9705C63AA8001DEA7B,
				62E40E9805C63AB1001DEA7B,
				62E40E9905C63AB4001DEA7B,
			);
			isa = PBXSourcesBuildPhase;
			runOnlyForDeploymentPostprocessing = 0;
		};
		62E40E8C05C637EB001DEA7B = {
			buildActionMask = 2147483647;
			files = (
			);
			isa = PBXFrameworksBuildPhase;
			runOnlyForDeploymentPostprocessing = 0;
		};
		62E40E8D05C637EB001DEA7B = {
			buildPhases = (
				62E40E8A05C637EB001DEA7B,
				62E40E8B05C637EB001DEA7B,
				62E40E8C05C637EB001DEA7B,
			);
			buildRules = (
			);
			buildSettings = {
				GCC_PRECOMPILE_PREFIX_HEADER = YES;
				GCC_PREFIX_HEADER = "$(SYSTEM_LIBRARY_DIR)/Frameworks/AppKit.framework/Headers/AppKit.h";
				GCC_WARN_FOUR_CHARACTER_CONSTANTS = NO;
				GCC_WARN_UNKNOWN_PRAGMAS = NO;
				INSTALL_PATH = /usr/local/bin;
				OTHER_CFLAGS = "";
				OTHER_LDFLAGS = "-framework Foundation -framework AppKit";
				OTHER_REZFLAGS = "";
				PRODUCT_NAME = "generate plists";
				SECTORDER_FLAGS = "";
				WARNING_CFLAGS = "-Wmost";
			};
			dependencies = (
			);
			isa = PBXNativeTarget;
			name = "generate plists";
			productName = "generate plists";
			productReference = 62E40E8E05C637EB001DEA7B;
			productType = "com.apple.product-type.tool";
		};
		62E40E8E05C637EB001DEA7B = {
			explicitFileType = "compiled.mach-o.executable";
			includeInIndex = 0;
			isa = PBXFileReference;
			path = "generate plists";
			refType = 3;
			sourceTree = BUILT_PRODUCTS_DIR;
		};
		62E40E9205C6383B001DEA7B = {
			fileEncoding = 4;
			isa = PBXFileReference;
			lastKnownFileType = sourcecode.c.objc;
			path = gen_plist.m;
			refType = 4;
			sourceTree = "<group>";
		};
		62E40E9305C6383B001DEA7B = {
			fileRef = 62E40E9205C6383B001DEA7B;
			isa = PBXBuildFile;
			settings = {
			};
		};
		62E40E9405C63A52001DEA7B = {
			fileRef = 6277142C05516CFB00555DE5;
			isa = PBXBuildFile;
			settings = {
			};
		};
		62E40E9705C63AA8001DEA7B = {
			fileRef = 6247766405B5C9CB006E78AA;
			isa = PBXBuildFile;
			settings = {
			};
		};
		62E40E9805C63AB1001DEA7B = {
			fileRef = 6277142E05516CFB00555DE5;
			isa = PBXBuildFile;
			settings = {
			};
		};
		62E40E9905C63AB4001DEA7B = {
			fileRef = 6277143205516CFB00555DE5;
			isa = PBXBuildFile;
			settings = {
			};
		};
//620
//621
//622
//623
//624
//8D0
//8D1
//8D2
//8D3
//8D4
		8D1107260486CEB800E47090 = {
			buildPhases = (
				8D1107270486CEB800E47090,
				8D1107290486CEB800E47090,
				8D11072C0486CEB800E47090,
				8D11072E0486CEB800E47090,
			);
			buildRules = (
			);
			buildSettings = {
				FRAMEWORK_SEARCH_PATHS = "";
				GCC_ENABLE_TRIGRAPHS = NO;
				GCC_GENERATE_DEBUGGING_SYMBOLS = NO;
				GCC_PRECOMPILE_PREFIX_HEADER = YES;
				GCC_PREFIX_HEADER = cocoAspell_Prefix.pch;
				GCC_WARN_ABOUT_MISSING_PROTOTYPES = NO;
				GCC_WARN_FOUR_CHARACTER_CONSTANTS = NO;
				GCC_WARN_UNKNOWN_PRAGMAS = NO;
				HEADER_SEARCH_PATHS = "";
				INFOPLIST_FILE = Info.plist;
				INSTALL_PATH = "$(HOME)/Library/Services";
				LIBRARY_SEARCH_PATHS = "";
				OTHER_CFLAGS = "-D__cocoAspell__ -I/usr/local/aspell/include -I/usr/local/aspell/include/aspell";
				OTHER_LDFLAGS = "";
				PRODUCT_NAME = cocoAspell;
				SECTORDER_FLAGS = "";
				WARNING_CFLAGS = "-Wmost -Wno-four-char-constants -Wno-unknown-pragmas";
				WRAPPER_EXTENSION = service;
			};
			dependencies = (
			);
			isa = PBXNativeTarget;
			name = Service;
			productInstallPath = "$(HOME)/Applications";
			productName = cocoAspell;
			productReference = 8D1107320486CEB800E47090;
			productType = "com.apple.product-type.application";
		};
		8D1107270486CEB800E47090 = {
			buildActionMask = 2147483647;
			files = (
			);
			isa = PBXHeadersBuildPhase;
			runOnlyForDeploymentPostprocessing = 0;
		};
		8D1107290486CEB800E47090 = {
			buildActionMask = 2147483647;
			files = (
				627718AD0551710E00555DE5,
				627718AB0551710400555DE5,
				627718AA055170FF00555DE5,
				6277149505516E2900555DE5,
				6277149605516E2900555DE5,
				627718BD0551728100555DE5,
			);
			isa = PBXResourcesBuildPhase;
			runOnlyForDeploymentPostprocessing = 0;
		};
		8D11072C0486CEB800E47090 = {
			buildActionMask = 2147483647;
			files = (
				627B36C0055181E80028BB7A,
				6277141F05516C6A00555DE5,
				6277142005516C6A00555DE5,
				6277143605516CFB00555DE5,
				6277143805516CFB00555DE5,
				6277143A05516CFB00555DE5,
				6277143C05516CFB00555DE5,
				6277143E05516CFB00555DE5,
				6277145505516D1D00555DE5,
				6277145905516D1D00555DE5,
				6277145705516D1D00555DE5,
			);
			isa = PBXSourcesBuildPhase;
			runOnlyForDeploymentPostprocessing = 0;
		};
		8D11072E0486CEB800E47090 = {
			buildActionMask = 2147483647;
			files = (
				8D11072F0486CEB800E47090,
				627718B70551726600555DE5,
				627718B80551726600555DE5,
				627718B90551726600555DE5,
			);
			isa = PBXFrameworksBuildPhase;
			runOnlyForDeploymentPostprocessing = 0;
		};
		8D11072F0486CEB800E47090 = {
			fileRef = 1058C7A1FEA54F0111CA2CBB;
			isa = PBXBuildFile;
			settings = {
			};
		};
		8D1107310486CEB800E47090 = {
			fileEncoding = 4;
			isa = PBXFileReference;
			lastKnownFileType = text.plist;
			path = Info.plist;
			refType = 4;
			sourceTree = "<group>";
		};
		8D1107320486CEB800E47090 = {
			explicitFileType = wrapper.application;
			includeInIndex = 0;
			isa = PBXFileReference;
			path = cocoAspell.service;
			refType = 3;
			sourceTree = BUILT_PRODUCTS_DIR;
		};
	};
	rootObject = 29B97313FDCFA39411CA2CEA;
}
